
Microsoft Visual Studio Solution File, Format Version 12.00
# Visual Studio Version 17
VisualStudioVersion = 17.2.32526.322
MinimumVisualStudioVersion = 10.0.40219.1
Project("{FAE04EC0-301F-11D3-BF4B-00C04F79EFBC}") = "MineSweeperApp", "ConsoleApp1\MineSweeperApp.csproj", "{E6F54A6A-CA25-4723-B224-50C4D5894B49}"
EndProject
Project("{FAE04EC0-301F-11D3-BF4B-00C04F79EFBC}") = "MineSweeperApp.UnitTest", "MineSweeperApp.UnitTest\MineSweeperApp.UnitTest.csproj", "{356F9CEA-AAB9-4667-AAED-2421E519E4DE}"
EndProject
Global
	GlobalSection(SolutionConfigurationPlatforms) = preSolution
		Debug|Any CPU = Debug|Any CPU
		Release|Any CPU = Release|Any CPU
	EndGlobalSection
	GlobalSection(ProjectConfigurationPlatforms) = postSolution
		{E6F54A6A-CA25-4723-B224-50C4D5894B49}.Debug|Any CPU.ActiveCfg = Debug|Any CPU
		{E6F54A6A-CA25-4723-B224-50C4D5894B49}.Debug|Any CPU.Build.0 = Debug|Any CPU
		{E6F54A6A-CA25-4723-B224-50C4D5894B49}.Release|Any CPU.ActiveCfg = Release|Any CPU
		{E6F54A6A-CA25-4723-B224-50C4D5894B49}.Release|Any CPU.Build.0 = Release|Any CPU
		{356F9CEA-AAB9-4667-AAED-2421E519E4DE}.Debug|Any CPU.ActiveCfg = Debug|Any CPU
		{356F9CEA-AAB9-4667-AAED-2421E519E4DE}.Debug|Any CPU.Build.0 = Debug|Any CPU
		{356F9CEA-AAB9-4667-AAED-2421E519E4DE}.Release|Any CPU.ActiveCfg = Release|Any CPU
		{356F9CEA-AAB9-4667-AAED-2421E519E4DE}.Release|Any CPU.Build.0 = Release|Any CPU
	EndGlobalSection
	GlobalSection(SolutionProperties) = preSolution
		HideSolutionNode = FALSE
	EndGlobalSection
	GlobalSection(ExtensibilityGlobals) = postSolution
		SolutionGuid = {350934E6-1698-413B-A605-1D318A2D18BB}
	EndGlobalSection
EndGlobal
